
Microsoft Visual Studio Solution File, Format Version 12.00
# Visual Studio Version 16
VisualStudioVersion = 16.0.30523.141
MinimumVisualStudioVersion = 10.0.40219.1
Project("{FAE04EC0-301F-11D3-BF4B-00C04F79EFBC}") = "AssistAPurchase", "AssistAPurchase.csproj", "{83962A42-7901-4065-8761-549E5A520CAA}"
EndProject
Global
	GlobalSection(SolutionConfigurationPlatforms) = preSolution
		Debug|Any CPU = Debug|Any CPU
		Release|Any CPU = Release|Any CPU
	EndGlobalSection
	GlobalSection(ProjectConfigurationPlatforms) = postSolution
		{83962A42-7901-4065-8761-549E5A520CAA}.Debug|Any CPU.ActiveCfg = Debug|Any CPU
		{83962A42-7901-4065-8761-549E5A520CAA}.Debug|Any CPU.Build.0 = Debug|Any CPU
		{83962A42-7901-4065-8761-549E5A520CAA}.Release|Any CPU.ActiveCfg = Release|Any CPU
		{83962A42-7901-4065-8761-549E5A520CAA}.Release|Any CPU.Build.0 = Release|Any CPU
	EndGlobalSection
	GlobalSection(SolutionProperties) = preSolution
		HideSolutionNode = FALSE
	EndGlobalSection
	GlobalSection(ExtensibilityGlobals) = postSolution
		SolutionGuid = {CD1DFDA8-47A6-4D83-AD91-315D41212D9A}
	EndGlobalSection
EndGlobal
